
Microsoft Visual Studio Solution File, Format Version 12.00
# Visual Studio Version 16
VisualStudioVersion = 16.0.29411.108
MinimumVisualStudioVersion = 10.0.40219.1
Project("{9A19103F-16F7-4668-BE54-9A1E7A4F7556}") = "CloudDefender", "CloudDefender\CloudDefender.csproj", "{543DAD94-E8A6-4192-B976-603B1B8ED649}"
EndProject
Project("{FAE04EC0-301F-11D3-BF4B-00C04F79EFBC}") = "DataAccess", "DataAccess\DataAccess.csproj", "{60F05DD3-F1A3-45C5-9CD0-013699D647E4}"
EndProject
Global
	GlobalSection(SolutionConfigurationPlatforms) = preSolution
		Debug|Any CPU = Debug|Any CPU
		Release|Any CPU = Release|Any CPU
	EndGlobalSection
	GlobalSection(ProjectConfigurationPlatforms) = postSolution
		{543DAD94-E8A6-4192-B976-603B1B8ED649}.Debug|Any CPU.ActiveCfg = Debug|Any CPU
		{543DAD94-E8A6-4192-B976-603B1B8ED649}.Debug|Any CPU.Build.0 = Debug|Any CPU
		{543DAD94-E8A6-4192-B976-603B1B8ED649}.Release|Any CPU.ActiveCfg = Release|Any CPU
		{543DAD94-E8A6-4192-B976-603B1B8ED649}.Release|Any CPU.Build.0 = Release|Any CPU
		{60F05DD3-F1A3-45C5-9CD0-013699D647E4}.Debug|Any CPU.ActiveCfg = Debug|Any CPU
		{60F05DD3-F1A3-45C5-9CD0-013699D647E4}.Debug|Any CPU.Build.0 = Debug|Any CPU
		{60F05DD3-F1A3-45C5-9CD0-013699D647E4}.Release|Any CPU.ActiveCfg = Release|Any CPU
		{60F05DD3-F1A3-45C5-9CD0-013699D647E4}.Release|Any CPU.Build.0 = Release|Any CPU
	EndGlobalSection
	GlobalSection(SolutionProperties) = preSolution
		HideSolutionNode = FALSE
	EndGlobalSection
	GlobalSection(ExtensibilityGlobals) = postSolution
		SolutionGuid = {51622089-95FD-4A96-9AA4-16CE8AA16535}
	EndGlobalSection
EndGlobal
